
Microsoft Visual Studio Solution File, Format Version 12.00
# Visual Studio Version 17
VisualStudioVersion = 17.8.34330.188
MinimumVisualStudioVersion = 10.0.40219.1
Project("{9A19103F-16F7-4668-BE54-9A1E7A4F7556}") = "OshimaModules", "OshimaModules\OshimaModules.csproj", "{497E99F9-7EA4-498C-90C5-B5751B47B2BE}"
EndProject
Project("{9A19103F-16F7-4668-BE54-9A1E7A4F7556}") = "OshimaMaps", "OshimaMaps\OshimaMaps.csproj", "{27847422-7671-4DF8-95EC-975A2E2F5631}"
EndProject
Project("{9A19103F-16F7-4668-BE54-9A1E7A4F7556}") = "OshimaModes", "OshimaModes\OshimaModes.csproj", "{74922E11-458E-4A91-8D11-BEC9F7758EEB}"
EndProject
Project("{9A19103F-16F7-4668-BE54-9A1E7A4F7556}") = "OshimaServers", "OshimaServers\OshimaServers.csproj", "{E8C696E0-96E4-45C3-8CB4-A02145179590}"
EndProject
Project("{9A19103F-16F7-4668-BE54-9A1E7A4F7556}") = "OshimaCore", "OshimaCore\OshimaCore.csproj", "{978B06DE-2AD8-4DC4-B53A-D744781FDEA1}"
EndProject
Global
	GlobalSection(SolutionConfigurationPlatforms) = preSolution
		Debug|Any CPU = Debug|Any CPU
		Release|Any CPU = Release|Any CPU
	EndGlobalSection
	GlobalSection(ProjectConfigurationPlatforms) = postSolution
		{497E99F9-7EA4-498C-90C5-B5751B47B2BE}.Debug|Any CPU.ActiveCfg = Debug|Any CPU
		{497E99F9-7EA4-498C-90C5-B5751B47B2BE}.Debug|Any CPU.Build.0 = Debug|Any CPU
		{497E99F9-7EA4-498C-90C5-B5751B47B2BE}.Release|Any CPU.ActiveCfg = Release|Any CPU
		{497E99F9-7EA4-498C-90C5-B5751B47B2BE}.Release|Any CPU.Build.0 = Release|Any CPU
		{27847422-7671-4DF8-95EC-975A2E2F5631}.Debug|Any CPU.ActiveCfg = Debug|Any CPU
		{27847422-7671-4DF8-95EC-975A2E2F5631}.Debug|Any CPU.Build.0 = Debug|Any CPU
		{27847422-7671-4DF8-95EC-975A2E2F5631}.Release|Any CPU.ActiveCfg = Release|Any CPU
		{27847422-7671-4DF8-95EC-975A2E2F5631}.Release|Any CPU.Build.0 = Release|Any CPU
		{74922E11-458E-4A91-8D11-BEC9F7758EEB}.Debug|Any CPU.ActiveCfg = Debug|Any CPU
		{74922E11-458E-4A91-8D11-BEC9F7758EEB}.Debug|Any CPU.Build.0 = Debug|Any CPU
		{74922E11-458E-4A91-8D11-BEC9F7758EEB}.Release|Any CPU.ActiveCfg = Release|Any CPU
		{74922E11-458E-4A91-8D11-BEC9F7758EEB}.Release|Any CPU.Build.0 = Release|Any CPU
		{E8C696E0-96E4-45C3-8CB4-A02145179590}.Debug|Any CPU.ActiveCfg = Debug|Any CPU
		{E8C696E0-96E4-45C3-8CB4-A02145179590}.Debug|Any CPU.Build.0 = Debug|Any CPU
		{E8C696E0-96E4-45C3-8CB4-A02145179590}.Release|Any CPU.ActiveCfg = Release|Any CPU
		{E8C696E0-96E4-45C3-8CB4-A02145179590}.Release|Any CPU.Build.0 = Release|Any CPU
		{978B06DE-2AD8-4DC4-B53A-D744781FDEA1}.Debug|Any CPU.ActiveCfg = Debug|Any CPU
		{978B06DE-2AD8-4DC4-B53A-D744781FDEA1}.Debug|Any CPU.Build.0 = Debug|Any CPU
		{978B06DE-2AD8-4DC4-B53A-D744781FDEA1}.Release|Any CPU.ActiveCfg = Release|Any CPU
		{978B06DE-2AD8-4DC4-B53A-D744781FDEA1}.Release|Any CPU.Build.0 = Release|Any CPU
	EndGlobalSection
	GlobalSection(SolutionProperties) = preSolution
		HideSolutionNode = FALSE
	EndGlobalSection
	GlobalSection(ExtensibilityGlobals) = postSolution
		SolutionGuid = {B3F190BD-B445-4D80-99D7-5D2B59D038CA}
	EndGlobalSection
EndGlobal
